// !$*UTF8*$!
{
	archiveVersion = 1;
	classes = {
	};
	objectVersion = 56;
	objects = {

/* Begin PBXBuildFile section */
		6D3C63832CEB297600229404 /* TermsView.swift in Sources */ = {isa = PBXBuildFile; fileRef = 6D3C63822CEB297600229404 /* TermsView.swift */; };
		6D3C63872CEB5FE300229404 /* WebView.swift in Sources */ = {isa = PBXBuildFile; fileRef = 6D3C63862CEB5FE300229404 /* WebView.swift */; };
		6D3C638A2CEB940100229404 /* SwipointView.swift in Sources */ = {isa = PBXBuildFile; fileRef = 6D3C63892CEB940100229404 /* SwipointView.swift */; };
		6D3C638E2CEB9E8D00229404 /* SwipointModel.swift in Sources */ = {isa = PBXBuildFile; fileRef = 6D3C638D2CEB9E8D00229404 /* SwipointModel.swift */; };
		6D3C63902CEB9E9500229404 /* SwipointViewModel.swift in Sources */ = {isa = PBXBuildFile; fileRef = 6D3C638F2CEB9E9500229404 /* SwipointViewModel.swift */; };
		6D3C63942CEBA43B00229404 /* SwipstoneGuideView.swift in Sources */ = {isa = PBXBuildFile; fileRef = 6D3C63932CEBA43B00229404 /* SwipstoneGuideView.swift */; };
		6D3C639E2CEBBE7600229404 /* LocationCertificationModal.swift in Sources */ = {isa = PBXBuildFile; fileRef = 6D3C639D2CEBBE7600229404 /* LocationCertificationModal.swift */; };
		6D3C63A02CEBBE9E00229404 /* GeoServiceManager.swift in Sources */ = {isa = PBXBuildFile; fileRef = 6D3C639F2CEBBE9E00229404 /* GeoServiceManager.swift */; };
		6D3C63A22CEBC52E00229404 /* LocationNewModal.swift in Sources */ = {isa = PBXBuildFile; fileRef = 6D3C63A12CEBC52E00229404 /* LocationNewModal.swift */; };
		6D3C63A42CEBD14C00229404 /* LocationExistView.swift in Sources */ = {isa = PBXBuildFile; fileRef = 6D3C63A32CEBD14C00229404 /* LocationExistView.swift */; };
		6D7601E42CEA3EA800C49EDC /* SWIPO_iOSApp.swift in Sources */ = {isa = PBXBuildFile; fileRef = 6D7601E32CEA3EA800C49EDC /* SWIPO_iOSApp.swift */; };
		6D7601E82CEA3EA900C49EDC /* Assets.xcassets in Resources */ = {isa = PBXBuildFile; fileRef = 6D7601E72CEA3EA900C49EDC /* Assets.xcassets */; };
		6D7601EB2CEA3EA900C49EDC /* Preview Assets.xcassets in Resources */ = {isa = PBXBuildFile; fileRef = 6D7601EA2CEA3EA900C49EDC /* Preview Assets.xcassets */; };
		6D7601F32CEA408800C49EDC /* AppState.swift in Sources */ = {isa = PBXBuildFile; fileRef = 6D7601F22CEA408800C49EDC /* AppState.swift */; };
		6D7601F72CEA40C600C49EDC /* NetworkManager.swift in Sources */ = {isa = PBXBuildFile; fileRef = 6D7601F62CEA40C600C49EDC /* NetworkManager.swift */; };
		6D7601FA2CEA40EB00C49EDC /* KakaoSDK in Frameworks */ = {isa = PBXBuildFile; productRef = 6D7601F92CEA40EB00C49EDC /* KakaoSDK */; };
		6D7601FC2CEA40EB00C49EDC /* KakaoSDKAuth in Frameworks */ = {isa = PBXBuildFile; productRef = 6D7601FB2CEA40EB00C49EDC /* KakaoSDKAuth */; };
		6D7601FE2CEA40EB00C49EDC /* KakaoSDKCommon in Frameworks */ = {isa = PBXBuildFile; productRef = 6D7601FD2CEA40EB00C49EDC /* KakaoSDKCommon */; };
		6D7602012CEA40F500C49EDC /* CodeScanner in Frameworks */ = {isa = PBXBuildFile; productRef = 6D7602002CEA40F500C49EDC /* CodeScanner */; };
		6D7602032CEA410200C49EDC /* Interceptor.swift in Sources */ = {isa = PBXBuildFile; fileRef = 6D7602022CEA410200C49EDC /* Interceptor.swift */; };
		6D7602052CEA411000C49EDC /* EndPoint.swift in Sources */ = {isa = PBXBuildFile; fileRef = 6D7602042CEA411000C49EDC /* EndPoint.swift */; };
		6D7602072CEA411D00C49EDC /* APITask.swift in Sources */ = {isa = PBXBuildFile; fileRef = 6D7602062CEA411D00C49EDC /* APITask.swift */; };
		6D7602092CEA412E00C49EDC /* BaseResponse.swift in Sources */ = {isa = PBXBuildFile; fileRef = 6D7602082CEA412E00C49EDC /* BaseResponse.swift */; };
		6D76020B2CEA413B00C49EDC /* KeyChainManager.swift in Sources */ = {isa = PBXBuildFile; fileRef = 6D76020A2CEA413B00C49EDC /* KeyChainManager.swift */; };
		6D76020F2CEA41DC00C49EDC /* Fonts+.swift in Sources */ = {isa = PBXBuildFile; fileRef = 6D76020E2CEA41DC00C49EDC /* Fonts+.swift */; };
		6D7602162CEA420800C49EDC /* SpoqaHanSansNeo-Thin.ttf in Resources */ = {isa = PBXBuildFile; fileRef = 6D7602102CEA420800C49EDC /* SpoqaHanSansNeo-Thin.ttf */; };
		6D7602172CEA420800C49EDC /* SpoqaHanSansNeo-Medium.ttf in Resources */ = {isa = PBXBuildFile; fileRef = 6D7602112CEA420800C49EDC /* SpoqaHanSansNeo-Medium.ttf */; };
		6D7602182CEA420800C49EDC /* SpoqaHanSansNeo-Regular.ttf in Resources */ = {isa = PBXBuildFile; fileRef = 6D7602122CEA420800C49EDC /* SpoqaHanSansNeo-Regular.ttf */; };
		6D7602192CEA420800C49EDC /* SpoqaHanSansNeo-Bold.ttf in Resources */ = {isa = PBXBuildFile; fileRef = 6D7602132CEA420800C49EDC /* SpoqaHanSansNeo-Bold.ttf */; };
		6D76021A2CEA420800C49EDC /* SpoqaHanSansNeo-Light.ttf in Resources */ = {isa = PBXBuildFile; fileRef = 6D7602142CEA420800C49EDC /* SpoqaHanSansNeo-Light.ttf */; };
		6D76021B2CEA420800C49EDC /* Pretendard-Medium.ttf in Resources */ = {isa = PBXBuildFile; fileRef = 6D7602152CEA420800C49EDC /* Pretendard-Medium.ttf */; };
		6D787BEB2CEACBDE00B587F8 /* Color.swift in Sources */ = {isa = PBXBuildFile; fileRef = 6D787BEA2CEACBDE00B587F8 /* Color.swift */; };
		6D787BED2CEACBE300B587F8 /* Constants.swift in Sources */ = {isa = PBXBuildFile; fileRef = 6D787BEC2CEACBE300B587F8 /* Constants.swift */; };
		6D787BEF2CEACBE600B587F8 /* MainNavigationBar.swift in Sources */ = {isa = PBXBuildFile; fileRef = 6D787BEE2CEACBE600B587F8 /* MainNavigationBar.swift */; };
		6D787BF62CEACC1F00B587F8 /* SwipayModel.swift in Sources */ = {isa = PBXBuildFile; fileRef = 6D787BF02CEACC1F00B587F8 /* SwipayModel.swift */; };
		6D787BF72CEACC1F00B587F8 /* SwipayView.swift in Sources */ = {isa = PBXBuildFile; fileRef = 6D787BF12CEACC1F00B587F8 /* SwipayView.swift */; };
		6D787BF82CEACC1F00B587F8 /* SwipayViewModel.swift in Sources */ = {isa = PBXBuildFile; fileRef = 6D787BF22CEACC1F00B587F8 /* SwipayViewModel.swift */; };
		6D787BF92CEACC1F00B587F8 /* MainView.swift in Sources */ = {isa = PBXBuildFile; fileRef = 6D787BF42CEACC1F00B587F8 /* MainView.swift */; };
		6D787C1A2CEB223000B587F8 /* AuthManager.swift in Sources */ = {isa = PBXBuildFile; fileRef = 6D787C192CEB223000B587F8 /* AuthManager.swift */; };
		6D787C1C2CEB224600B587F8 /* Secrets.swift in Sources */ = {isa = PBXBuildFile; fileRef = 6D787C1B2CEB224600B587F8 /* Secrets.swift */; };
		6D787C202CEB242100B587F8 /* LoginView.swift in Sources */ = {isa = PBXBuildFile; fileRef = 6D787C1F2CEB242100B587F8 /* LoginView.swift */; };
		9512B2FC2CEB31A60029A9AA /* NavigationBar.swift in Sources */ = {isa = PBXBuildFile; fileRef = 9512B2FB2CEB31A60029A9AA /* NavigationBar.swift */; };
		9512B3002CEB32040029A9AA /* StoreListView.swift in Sources */ = {isa = PBXBuildFile; fileRef = 9512B2FF2CEB32040029A9AA /* StoreListView.swift */; };
		9512B3022CEB32250029A9AA /* StoreModel.swift in Sources */ = {isa = PBXBuildFile; fileRef = 9512B3012CEB32250029A9AA /* StoreModel.swift */; };
		9512B3042CEB32550029A9AA /* StoreOptionView.swift in Sources */ = {isa = PBXBuildFile; fileRef = 9512B3032CEB32550029A9AA /* StoreOptionView.swift */; };
		9512B3072CEB59170029A9AA /* PayChargeView.swift in Sources */ = {isa = PBXBuildFile; fileRef = 9512B3062CEB59170029A9AA /* PayChargeView.swift */; };
		954FFAB72CEAD3B500E81D16 /* KakaoMapsSDK-SPM in Frameworks */ = {isa = PBXBuildFile; productRef = 954FFAB62CEAD3B500E81D16 /* KakaoMapsSDK-SPM */; };
		954FFABB2CEAD3F200E81D16 /* NearbyView.swift in Sources */ = {isa = PBXBuildFile; fileRef = 954FFABA2CEAD3F200E81D16 /* NearbyView.swift */; };
		954FFABD2CEAD43F00E81D16 /* MapView.swift in Sources */ = {isa = PBXBuildFile; fileRef = 954FFABC2CEAD43F00E81D16 /* MapView.swift */; };
		954FFABF2CEAD44600E81D16 /* MapViewController.swift in Sources */ = {isa = PBXBuildFile; fileRef = 954FFABE2CEAD44600E81D16 /* MapViewController.swift */; };
		954FFAC22CEAD49100E81D16 /* CustomTextField.swift in Sources */ = {isa = PBXBuildFile; fileRef = 954FFAC12CEAD49100E81D16 /* CustomTextField.swift */; };
		954FFAC52CEAE6B500E81D16 /* SnapKit in Frameworks */ = {isa = PBXBuildFile; productRef = 954FFAC42CEAE6B500E81D16 /* SnapKit */; };
/* End PBXBuildFile section */

/* Begin PBXFileReference section */
		6D3C63822CEB297600229404 /* TermsView.swift */ = {isa = PBXFileReference; lastKnownFileType = sourcecode.swift; path = TermsView.swift; sourceTree = "<group>"; };
		6D3C63862CEB5FE300229404 /* WebView.swift */ = {isa = PBXFileReference; fileEncoding = 4; lastKnownFileType = sourcecode.swift; path = WebView.swift; sourceTree = "<group>"; };
		6D3C63892CEB940100229404 /* SwipointView.swift */ = {isa = PBXFileReference; lastKnownFileType = sourcecode.swift; path = SwipointView.swift; sourceTree = "<group>"; };
		6D3C638D2CEB9E8D00229404 /* SwipointModel.swift */ = {isa = PBXFileReference; lastKnownFileType = sourcecode.swift; path = SwipointModel.swift; sourceTree = "<group>"; };
		6D3C638F2CEB9E9500229404 /* SwipointViewModel.swift */ = {isa = PBXFileReference; lastKnownFileType = sourcecode.swift; path = SwipointViewModel.swift; sourceTree = "<group>"; };
		6D3C63932CEBA43B00229404 /* SwipstoneGuideView.swift */ = {isa = PBXFileReference; lastKnownFileType = sourcecode.swift; path = SwipstoneGuideView.swift; sourceTree = "<group>"; };
		6D3C639D2CEBBE7600229404 /* LocationCertificationModal.swift */ = {isa = PBXFileReference; lastKnownFileType = sourcecode.swift; path = LocationCertificationModal.swift; sourceTree = "<group>"; };
		6D3C639F2CEBBE9E00229404 /* GeoServiceManager.swift */ = {isa = PBXFileReference; lastKnownFileType = sourcecode.swift; path = GeoServiceManager.swift; sourceTree = "<group>"; };
		6D3C63A12CEBC52E00229404 /* LocationNewModal.swift */ = {isa = PBXFileReference; lastKnownFileType = sourcecode.swift; path = LocationNewModal.swift; sourceTree = "<group>"; };
		6D3C63A32CEBD14C00229404 /* LocationExistView.swift */ = {isa = PBXFileReference; lastKnownFileType = sourcecode.swift; path = LocationExistView.swift; sourceTree = "<group>"; };
		6D7601E02CEA3EA800C49EDC /* SWIPO-iOS.app */ = {isa = PBXFileReference; explicitFileType = wrapper.application; includeInIndex = 0; path = "SWIPO-iOS.app"; sourceTree = BUILT_PRODUCTS_DIR; };
		6D7601E32CEA3EA800C49EDC /* SWIPO_iOSApp.swift */ = {isa = PBXFileReference; lastKnownFileType = sourcecode.swift; path = SWIPO_iOSApp.swift; sourceTree = "<group>"; };
		6D7601E72CEA3EA900C49EDC /* Assets.xcassets */ = {isa = PBXFileReference; lastKnownFileType = folder.assetcatalog; path = Assets.xcassets; sourceTree = "<group>"; };
		6D7601EA2CEA3EA900C49EDC /* Preview Assets.xcassets */ = {isa = PBXFileReference; lastKnownFileType = folder.assetcatalog; path = "Preview Assets.xcassets"; sourceTree = "<group>"; };
		6D7601F22CEA408800C49EDC /* AppState.swift */ = {isa = PBXFileReference; lastKnownFileType = sourcecode.swift; path = AppState.swift; sourceTree = "<group>"; };
		6D7601F62CEA40C600C49EDC /* NetworkManager.swift */ = {isa = PBXFileReference; lastKnownFileType = sourcecode.swift; path = NetworkManager.swift; sourceTree = "<group>"; };
		6D7602022CEA410200C49EDC /* Interceptor.swift */ = {isa = PBXFileReference; lastKnownFileType = sourcecode.swift; path = Interceptor.swift; sourceTree = "<group>"; };
		6D7602042CEA411000C49EDC /* EndPoint.swift */ = {isa = PBXFileReference; lastKnownFileType = sourcecode.swift; path = EndPoint.swift; sourceTree = "<group>"; };
		6D7602062CEA411D00C49EDC /* APITask.swift */ = {isa = PBXFileReference; lastKnownFileType = sourcecode.swift; path = APITask.swift; sourceTree = "<group>"; };
		6D7602082CEA412E00C49EDC /* BaseResponse.swift */ = {isa = PBXFileReference; lastKnownFileType = sourcecode.swift; path = BaseResponse.swift; sourceTree = "<group>"; };
		6D76020A2CEA413B00C49EDC /* KeyChainManager.swift */ = {isa = PBXFileReference; lastKnownFileType = sourcecode.swift; path = KeyChainManager.swift; sourceTree = "<group>"; };
		6D76020E2CEA41DC00C49EDC /* Fonts+.swift */ = {isa = PBXFileReference; lastKnownFileType = sourcecode.swift; path = "Fonts+.swift"; sourceTree = "<group>"; };
		6D7602102CEA420800C49EDC /* SpoqaHanSansNeo-Thin.ttf */ = {isa = PBXFileReference; lastKnownFileType = file; path = "SpoqaHanSansNeo-Thin.ttf"; sourceTree = "<group>"; };
		6D7602112CEA420800C49EDC /* SpoqaHanSansNeo-Medium.ttf */ = {isa = PBXFileReference; lastKnownFileType = file; path = "SpoqaHanSansNeo-Medium.ttf"; sourceTree = "<group>"; };
		6D7602122CEA420800C49EDC /* SpoqaHanSansNeo-Regular.ttf */ = {isa = PBXFileReference; lastKnownFileType = file; path = "SpoqaHanSansNeo-Regular.ttf"; sourceTree = "<group>"; };
		6D7602132CEA420800C49EDC /* SpoqaHanSansNeo-Bold.ttf */ = {isa = PBXFileReference; lastKnownFileType = file; path = "SpoqaHanSansNeo-Bold.ttf"; sourceTree = "<group>"; };
		6D7602142CEA420800C49EDC /* SpoqaHanSansNeo-Light.ttf */ = {isa = PBXFileReference; lastKnownFileType = file; path = "SpoqaHanSansNeo-Light.ttf"; sourceTree = "<group>"; };
		6D7602152CEA420800C49EDC /* Pretendard-Medium.ttf */ = {isa = PBXFileReference; lastKnownFileType = file; path = "Pretendard-Medium.ttf"; sourceTree = "<group>"; };
		6D76021C2CEA433D00C49EDC /* Info.plist */ = {isa = PBXFileReference; lastKnownFileType = text.plist; path = Info.plist; sourceTree = "<group>"; };
		6D76021D2CEA440D00C49EDC /* SWIPO-iOS.entitlements */ = {isa = PBXFileReference; lastKnownFileType = text.plist.entitlements; path = "SWIPO-iOS.entitlements"; sourceTree = "<group>"; };
		6D787BEA2CEACBDE00B587F8 /* Color.swift */ = {isa = PBXFileReference; fileEncoding = 4; lastKnownFileType = sourcecode.swift; path = Color.swift; sourceTree = "<group>"; };
		6D787BEC2CEACBE300B587F8 /* Constants.swift */ = {isa = PBXFileReference; fileEncoding = 4; lastKnownFileType = sourcecode.swift; path = Constants.swift; sourceTree = "<group>"; };
		6D787BEE2CEACBE600B587F8 /* MainNavigationBar.swift */ = {isa = PBXFileReference; fileEncoding = 4; lastKnownFileType = sourcecode.swift; path = MainNavigationBar.swift; sourceTree = "<group>"; };
		6D787BF02CEACC1F00B587F8 /* SwipayModel.swift */ = {isa = PBXFileReference; fileEncoding = 4; lastKnownFileType = sourcecode.swift; path = SwipayModel.swift; sourceTree = "<group>"; };
		6D787BF12CEACC1F00B587F8 /* SwipayView.swift */ = {isa = PBXFileReference; fileEncoding = 4; lastKnownFileType = sourcecode.swift; path = SwipayView.swift; sourceTree = "<group>"; };
		6D787BF22CEACC1F00B587F8 /* SwipayViewModel.swift */ = {isa = PBXFileReference; fileEncoding = 4; lastKnownFileType = sourcecode.swift; path = SwipayViewModel.swift; sourceTree = "<group>"; };
		6D787BF42CEACC1F00B587F8 /* MainView.swift */ = {isa = PBXFileReference; fileEncoding = 4; lastKnownFileType = sourcecode.swift; path = MainView.swift; sourceTree = "<group>"; };
		6D787C192CEB223000B587F8 /* AuthManager.swift */ = {isa = PBXFileReference; lastKnownFileType = sourcecode.swift; path = AuthManager.swift; sourceTree = "<group>"; };
		6D787C1B2CEB224600B587F8 /* Secrets.swift */ = {isa = PBXFileReference; lastKnownFileType = sourcecode.swift; path = Secrets.swift; sourceTree = "<group>"; };
		6D787C1F2CEB242100B587F8 /* LoginView.swift */ = {isa = PBXFileReference; lastKnownFileType = sourcecode.swift; path = LoginView.swift; sourceTree = "<group>"; };
		9512B2FB2CEB31A60029A9AA /* NavigationBar.swift */ = {isa = PBXFileReference; lastKnownFileType = sourcecode.swift; path = NavigationBar.swift; sourceTree = "<group>"; };
		9512B2FF2CEB32040029A9AA /* StoreListView.swift */ = {isa = PBXFileReference; lastKnownFileType = sourcecode.swift; path = StoreListView.swift; sourceTree = "<group>"; };
		9512B3012CEB32250029A9AA /* StoreModel.swift */ = {isa = PBXFileReference; lastKnownFileType = sourcecode.swift; path = StoreModel.swift; sourceTree = "<group>"; };
		9512B3032CEB32550029A9AA /* StoreOptionView.swift */ = {isa = PBXFileReference; lastKnownFileType = sourcecode.swift; path = StoreOptionView.swift; sourceTree = "<group>"; };
		9512B3062CEB59170029A9AA /* PayChargeView.swift */ = {isa = PBXFileReference; lastKnownFileType = sourcecode.swift; path = PayChargeView.swift; sourceTree = "<group>"; };
		954FFABA2CEAD3F200E81D16 /* NearbyView.swift */ = {isa = PBXFileReference; lastKnownFileType = sourcecode.swift; path = NearbyView.swift; sourceTree = "<group>"; };
		954FFABC2CEAD43F00E81D16 /* MapView.swift */ = {isa = PBXFileReference; lastKnownFileType = sourcecode.swift; path = MapView.swift; sourceTree = "<group>"; };
		954FFABE2CEAD44600E81D16 /* MapViewController.swift */ = {isa = PBXFileReference; lastKnownFileType = sourcecode.swift; path = MapViewController.swift; sourceTree = "<group>"; };
		954FFAC12CEAD49100E81D16 /* CustomTextField.swift */ = {isa = PBXFileReference; lastKnownFileType = sourcecode.swift; path = CustomTextField.swift; sourceTree = "<group>"; };
/* End PBXFileReference section */

/* Begin PBXFrameworksBuildPhase section */
		6D7601DD2CEA3EA800C49EDC /* Frameworks */ = {
			isa = PBXFrameworksBuildPhase;
			buildActionMask = 2147483647;
			files = (
				6D7602012CEA40F500C49EDC /* CodeScanner in Frameworks */,
				6D7601FA2CEA40EB00C49EDC /* KakaoSDK in Frameworks */,
				954FFAB72CEAD3B500E81D16 /* KakaoMapsSDK-SPM in Frameworks */,
				954FFAC52CEAE6B500E81D16 /* SnapKit in Frameworks */,
				6D7601FE2CEA40EB00C49EDC /* KakaoSDKCommon in Frameworks */,
				6D7601FC2CEA40EB00C49EDC /* KakaoSDKAuth in Frameworks */,
			);
			runOnlyForDeploymentPostprocessing = 0;
		};
/* End PBXFrameworksBuildPhase section */

/* Begin PBXGroup section */
		6D3C63802CEB295D00229404 /* Join */ = {
			isa = PBXGroup;
			children = (
				6D3C63812CEB296800229404 /* Terms */,
			);
			path = Join;
			sourceTree = "<group>";
		};
		6D3C63812CEB296800229404 /* Terms */ = {
			isa = PBXGroup;
			children = (
				6D3C63822CEB297600229404 /* TermsView.swift */,
			);
			path = Terms;
			sourceTree = "<group>";
		};
		6D3C63882CEB93E800229404 /* Swipoint */ = {
			isa = PBXGroup;
			children = (
				6D3C63892CEB940100229404 /* SwipointView.swift */,
				6D3C638D2CEB9E8D00229404 /* SwipointModel.swift */,
				6D3C638F2CEB9E9500229404 /* SwipointViewModel.swift */,
				6D3C639D2CEBBE7600229404 /* LocationCertificationModal.swift */,
				6D3C63A12CEBC52E00229404 /* LocationNewModal.swift */,
				6D3C63A32CEBD14C00229404 /* LocationExistView.swift */,
			);
			path = Swipoint;
			sourceTree = "<group>";
		};
		6D3C63922CEBA3F400229404 /* Swipstone */ = {
			isa = PBXGroup;
			children = (
				6D3C63932CEBA43B00229404 /* SwipstoneGuideView.swift */,
			);
			path = Swipstone;
			sourceTree = "<group>";
		};
		6D7601D72CEA3EA800C49EDC = {
			isa = PBXGroup;
			children = (
				6D7601E22CEA3EA800C49EDC /* SWIPO-iOS */,
				6D7601E12CEA3EA800C49EDC /* Products */,
			);
			sourceTree = "<group>";
		};
		6D7601E12CEA3EA800C49EDC /* Products */ = {
			isa = PBXGroup;
			children = (
				6D7601E02CEA3EA800C49EDC /* SWIPO-iOS.app */,
			);
			name = Products;
			sourceTree = "<group>";
		};
		6D7601E22CEA3EA800C49EDC /* SWIPO-iOS */ = {
			isa = PBXGroup;
			children = (
				6D76021D2CEA440D00C49EDC /* SWIPO-iOS.entitlements */,
				6D76021C2CEA433D00C49EDC /* Info.plist */,
				6D7601F12CEA407D00C49EDC /* App */,
				6D787BF52CEACC1F00B587F8 /* Main */,
				6D787C1D2CEB240400B587F8 /* Login */,
				6D3C63802CEB295D00229404 /* Join */,
				6D787C182CEB220A00B587F8 /* Common */,
				6D76020C2CEA41B300C49EDC /* Extension */,
				6D7601F42CEA40AD00C49EDC /* Network */,
				6D7601E72CEA3EA900C49EDC /* Assets.xcassets */,
				6D7601E92CEA3EA900C49EDC /* Preview Content */,
			);
			path = "SWIPO-iOS";
			sourceTree = "<group>";
		};
		6D7601E92CEA3EA900C49EDC /* Preview Content */ = {
			isa = PBXGroup;
			children = (
				6D7601EA2CEA3EA900C49EDC /* Preview Assets.xcassets */,
			);
			path = "Preview Content";
			sourceTree = "<group>";
		};
		6D7601F12CEA407D00C49EDC /* App */ = {
			isa = PBXGroup;
			children = (
				6D7601E32CEA3EA800C49EDC /* SWIPO_iOSApp.swift */,
				6D7601F22CEA408800C49EDC /* AppState.swift */,
			);
			path = App;
			sourceTree = "<group>";
		};
		6D7601F42CEA40AD00C49EDC /* Network */ = {
			isa = PBXGroup;
			children = (
				6D7601F52CEA40B800C49EDC /* Base */,
			);
			path = Network;
			sourceTree = "<group>";
		};
		6D7601F52CEA40B800C49EDC /* Base */ = {
			isa = PBXGroup;
			children = (
				6D7601F62CEA40C600C49EDC /* NetworkManager.swift */,
				6D7602022CEA410200C49EDC /* Interceptor.swift */,
				6D7602042CEA411000C49EDC /* EndPoint.swift */,
				6D7602062CEA411D00C49EDC /* APITask.swift */,
				6D7602082CEA412E00C49EDC /* BaseResponse.swift */,
				6D76020A2CEA413B00C49EDC /* KeyChainManager.swift */,
			);
			path = Base;
			sourceTree = "<group>";
		};
		6D76020C2CEA41B300C49EDC /* Extension */ = {
			isa = PBXGroup;
			children = (
				6D787BEC2CEACBE300B587F8 /* Constants.swift */,
				6D787BEA2CEACBDE00B587F8 /* Color.swift */,
				954FFAC02CEAD48500E81D16 /* Custom */,
				6D76020D2CEA41CC00C49EDC /* Fonts */,
			);
			path = Extension;
			sourceTree = "<group>";
		};
		6D76020D2CEA41CC00C49EDC /* Fonts */ = {
			isa = PBXGroup;
			children = (
				6D7602152CEA420800C49EDC /* Pretendard-Medium.ttf */,
				6D7602132CEA420800C49EDC /* SpoqaHanSansNeo-Bold.ttf */,
				6D7602142CEA420800C49EDC /* SpoqaHanSansNeo-Light.ttf */,
				6D7602112CEA420800C49EDC /* SpoqaHanSansNeo-Medium.ttf */,
				6D7602122CEA420800C49EDC /* SpoqaHanSansNeo-Regular.ttf */,
				6D7602102CEA420800C49EDC /* SpoqaHanSansNeo-Thin.ttf */,
				6D76020E2CEA41DC00C49EDC /* Fonts+.swift */,
			);
			path = Fonts;
			sourceTree = "<group>";
		};
		6D787BF32CEACC1F00B587F8 /* Swipay */ = {
			isa = PBXGroup;
			children = (
				6D787BF12CEACC1F00B587F8 /* SwipayView.swift */,
				6D787BF02CEACC1F00B587F8 /* SwipayModel.swift */,
				6D787BF22CEACC1F00B587F8 /* SwipayViewModel.swift */,
				9512B3052CEB58FB0029A9AA /* PayCharge */,
			);
			path = Swipay;
			sourceTree = "<group>";
		};
		6D787BF52CEACC1F00B587F8 /* Main */ = {
			isa = PBXGroup;
			children = (
				6D787BF42CEACC1F00B587F8 /* MainView.swift */,
				954FFAB82CEAD3DD00E81D16 /* Nearby */,
				6D787BF32CEACC1F00B587F8 /* Swipay */,
				6D3C63882CEB93E800229404 /* Swipoint */,
				6D3C63922CEBA3F400229404 /* Swipstone */,
			);
			path = Main;
			sourceTree = "<group>";
		};
		6D787C182CEB220A00B587F8 /* Common */ = {
			isa = PBXGroup;
			children = (
				6D3C63862CEB5FE300229404 /* WebView.swift */,
				6D787BEE2CEACBE600B587F8 /* MainNavigationBar.swift */,
				6D787C192CEB223000B587F8 /* AuthManager.swift */,
				6D787C1B2CEB224600B587F8 /* Secrets.swift */,
				9512B2FB2CEB31A60029A9AA /* NavigationBar.swift */,
				6D3C639F2CEBBE9E00229404 /* GeoServiceManager.swift */,
			);
			path = Common;
			sourceTree = "<group>";
		};
		6D787C1D2CEB240400B587F8 /* Login */ = {
			isa = PBXGroup;
			children = (
				6D787C1F2CEB242100B587F8 /* LoginView.swift */,
			);
			path = Login;
			sourceTree = "<group>";
		};
		9512B2FE2CEB31FD0029A9AA /* StoreList */ = {
			isa = PBXGroup;
			children = (
				9512B2FF2CEB32040029A9AA /* StoreListView.swift */,
				9512B3012CEB32250029A9AA /* StoreModel.swift */,
				9512B3032CEB32550029A9AA /* StoreOptionView.swift */,
			);
			path = StoreList;
			sourceTree = "<group>";
		};
		9512B3052CEB58FB0029A9AA /* PayCharge */ = {
			isa = PBXGroup;
			children = (
				9512B3062CEB59170029A9AA /* PayChargeView.swift */,
			);
			path = PayCharge;
			sourceTree = "<group>";
		};
		954FFAB82CEAD3DD00E81D16 /* Nearby */ = {
			isa = PBXGroup;
			children = (
				954FFABA2CEAD3F200E81D16 /* NearbyView.swift */,
				954FFABC2CEAD43F00E81D16 /* MapView.swift */,
				954FFABE2CEAD44600E81D16 /* MapViewController.swift */,
				9512B2FE2CEB31FD0029A9AA /* StoreList */,
			);
			path = Nearby;
			sourceTree = "<group>";
		};
		954FFAC02CEAD48500E81D16 /* Custom */ = {
			isa = PBXGroup;
			children = (
				954FFAC12CEAD49100E81D16 /* CustomTextField.swift */,
			);
			path = Custom;
			sourceTree = "<group>";
		};
/* End PBXGroup section */

/* Begin PBXNativeTarget section */
		6D7601DF2CEA3EA800C49EDC /* SWIPO-iOS */ = {
			isa = PBXNativeTarget;
			buildConfigurationList = 6D7601EE2CEA3EA900C49EDC /* Build configuration list for PBXNativeTarget "SWIPO-iOS" */;
			buildPhases = (
				6D7601DC2CEA3EA800C49EDC /* Sources */,
				6D7601DD2CEA3EA800C49EDC /* Frameworks */,
				6D7601DE2CEA3EA800C49EDC /* Resources */,
			);
			buildRules = (
			);
			dependencies = (
			);
			name = "SWIPO-iOS";
			packageProductDependencies = (
				6D7601F92CEA40EB00C49EDC /* KakaoSDK */,
				6D7601FB2CEA40EB00C49EDC /* KakaoSDKAuth */,
				6D7601FD2CEA40EB00C49EDC /* KakaoSDKCommon */,
				6D7602002CEA40F500C49EDC /* CodeScanner */,
				954FFAB62CEAD3B500E81D16 /* KakaoMapsSDK-SPM */,
				954FFAC42CEAE6B500E81D16 /* SnapKit */,
			);
			productName = "SWIPO-iOS";
			productReference = 6D7601E02CEA3EA800C49EDC /* SWIPO-iOS.app */;
			productType = "com.apple.product-type.application";
		};
/* End PBXNativeTarget section */

/* Begin PBXProject section */
		6D7601D82CEA3EA800C49EDC /* Project object */ = {
			isa = PBXProject;
			attributes = {
				BuildIndependentTargetsInParallel = 1;
				LastSwiftUpdateCheck = 1540;
				LastUpgradeCheck = 1540;
				TargetAttributes = {
					6D7601DF2CEA3EA800C49EDC = {
						CreatedOnToolsVersion = 15.4;
					};
				};
			};
			buildConfigurationList = 6D7601DB2CEA3EA800C49EDC /* Build configuration list for PBXProject "SWIPO-iOS" */;
			compatibilityVersion = "Xcode 14.0";
			developmentRegion = ko;
			hasScannedForEncodings = 0;
			knownRegions = (
				en,
				Base,
				ko,
			);
			mainGroup = 6D7601D72CEA3EA800C49EDC;
			packageReferences = (
				6D7601F82CEA40EB00C49EDC /* XCRemoteSwiftPackageReference "kakao-ios-sdk" */,
				6D7601FF2CEA40F500C49EDC /* XCRemoteSwiftPackageReference "CodeScanner" */,
				954FFAB52CEAD3B500E81D16 /* XCRemoteSwiftPackageReference "KakaoMapsSDK-SPM" */,
				954FFAC32CEAE6B500E81D16 /* XCRemoteSwiftPackageReference "SnapKit" */,
			);
			productRefGroup = 6D7601E12CEA3EA800C49EDC /* Products */;
			projectDirPath = "";
			projectRoot = "";
			targets = (
				6D7601DF2CEA3EA800C49EDC /* SWIPO-iOS */,
			);
		};
/* End PBXProject section */

/* Begin PBXResourcesBuildPhase section */
		6D7601DE2CEA3EA800C49EDC /* Resources */ = {
			isa = PBXResourcesBuildPhase;
			buildActionMask = 2147483647;
			files = (
				6D76021B2CEA420800C49EDC /* Pretendard-Medium.ttf in Resources */,
				6D7602162CEA420800C49EDC /* SpoqaHanSansNeo-Thin.ttf in Resources */,
				6D7601EB2CEA3EA900C49EDC /* Preview Assets.xcassets in Resources */,
				6D76021A2CEA420800C49EDC /* SpoqaHanSansNeo-Light.ttf in Resources */,
				6D7602172CEA420800C49EDC /* SpoqaHanSansNeo-Medium.ttf in Resources */,
				6D7601E82CEA3EA900C49EDC /* Assets.xcassets in Resources */,
				6D7602192CEA420800C49EDC /* SpoqaHanSansNeo-Bold.ttf in Resources */,
				6D7602182CEA420800C49EDC /* SpoqaHanSansNeo-Regular.ttf in Resources */,
			);
			runOnlyForDeploymentPostprocessing = 0;
		};
/* End PBXResourcesBuildPhase section */

/* Begin PBXSourcesBuildPhase section */
		6D7601DC2CEA3EA800C49EDC /* Sources */ = {
			isa = PBXSourcesBuildPhase;
			buildActionMask = 2147483647;
			files = (
				6D7602052CEA411000C49EDC /* EndPoint.swift in Sources */,
				6D787C1A2CEB223000B587F8 /* AuthManager.swift in Sources */,
				6D787BED2CEACBE300B587F8 /* Constants.swift in Sources */,
				9512B3002CEB32040029A9AA /* StoreListView.swift in Sources */,
				6D3C63A02CEBBE9E00229404 /* GeoServiceManager.swift in Sources */,
				6D787C1C2CEB224600B587F8 /* Secrets.swift in Sources */,
				9512B3022CEB32250029A9AA /* StoreModel.swift in Sources */,
				6D787C202CEB242100B587F8 /* LoginView.swift in Sources */,
				6D3C63A42CEBD14C00229404 /* LocationExistView.swift in Sources */,
				6D7601F72CEA40C600C49EDC /* NetworkManager.swift in Sources */,
				6D787BF72CEACC1F00B587F8 /* SwipayView.swift in Sources */,
				954FFAC22CEAD49100E81D16 /* CustomTextField.swift in Sources */,
				6D3C63902CEB9E9500229404 /* SwipointViewModel.swift in Sources */,
				6D7602032CEA410200C49EDC /* Interceptor.swift in Sources */,
				954FFABB2CEAD3F200E81D16 /* NearbyView.swift in Sources */,
				6D787BEB2CEACBDE00B587F8 /* Color.swift in Sources */,
				9512B2FC2CEB31A60029A9AA /* NavigationBar.swift in Sources */,
				6D3C63942CEBA43B00229404 /* SwipstoneGuideView.swift in Sources */,
				6D3C63A22CEBC52E00229404 /* LocationNewModal.swift in Sources */,
				6D3C638A2CEB940100229404 /* SwipointView.swift in Sources */,
				954FFABF2CEAD44600E81D16 /* MapViewController.swift in Sources */,
				954FFABD2CEAD43F00E81D16 /* MapView.swift in Sources */,
				6D7602072CEA411D00C49EDC /* APITask.swift in Sources */,
				6D76020B2CEA413B00C49EDC /* KeyChainManager.swift in Sources */,
				6D7601F32CEA408800C49EDC /* AppState.swift in Sources */,
				6D3C63872CEB5FE300229404 /* WebView.swift in Sources */,
				6D3C63832CEB297600229404 /* TermsView.swift in Sources */,
				6D787BF92CEACC1F00B587F8 /* MainView.swift in Sources */,
				6D787BEF2CEACBE600B587F8 /* MainNavigationBar.swift in Sources */,
				6D787BF82CEACC1F00B587F8 /* SwipayViewModel.swift in Sources */,
				6D787BF62CEACC1F00B587F8 /* SwipayModel.swift in Sources */,
				6D76020F2CEA41DC00C49EDC /* Fonts+.swift in Sources */,
				6D3C638E2CEB9E8D00229404 /* SwipointModel.swift in Sources */,
				6D7601E42CEA3EA800C49EDC /* SWIPO_iOSApp.swift in Sources */,
				9512B3072CEB59170029A9AA /* PayChargeView.swift in Sources */,
				9512B3042CEB32550029A9AA /* StoreOptionView.swift in Sources */,
				6D3C639E2CEBBE7600229404 /* LocationCertificationModal.swift in Sources */,
				6D7602092CEA412E00C49EDC /* BaseResponse.swift in Sources */,
			);
			runOnlyForDeploymentPostprocessing = 0;
		};
/* End PBXSourcesBuildPhase section */

/* Begin XCBuildConfiguration section */
		6D7601EC2CEA3EA900C49EDC /* Debug */ = {
			isa = XCBuildConfiguration;
			buildSettings = {
				ALWAYS_SEARCH_USER_PATHS = NO;
				ASSETCATALOG_COMPILER_GENERATE_SWIFT_ASSET_SYMBOL_EXTENSIONS = YES;
				CLANG_ANALYZER_NONNULL = YES;
				CLANG_ANALYZER_NUMBER_OBJECT_CONVERSION = YES_AGGRESSIVE;
				CLANG_CXX_LANGUAGE_STANDARD = "gnu++20";
				CLANG_ENABLE_MODULES = YES;
				CLANG_ENABLE_OBJC_ARC = YES;
				CLANG_ENABLE_OBJC_WEAK = YES;
				CLANG_WARN_BLOCK_CAPTURE_AUTORELEASING = YES;
				CLANG_WARN_BOOL_CONVERSION = YES;
				CLANG_WARN_COMMA = YES;
				CLANG_WARN_CONSTANT_CONVERSION = YES;
				CLANG_WARN_DEPRECATED_OBJC_IMPLEMENTATIONS = YES;
				CLANG_WARN_DIRECT_OBJC_ISA_USAGE = YES_ERROR;
				CLANG_WARN_DOCUMENTATION_COMMENTS = YES;
				CLANG_WARN_EMPTY_BODY = YES;
				CLANG_WARN_ENUM_CONVERSION = YES;
				CLANG_WARN_INFINITE_RECURSION = YES;
				CLANG_WARN_INT_CONVERSION = YES;
				CLANG_WARN_NON_LITERAL_NULL_CONVERSION = YES;
				CLANG_WARN_OBJC_IMPLICIT_RETAIN_SELF = YES;
				CLANG_WARN_OBJC_LITERAL_CONVERSION = YES;
				CLANG_WARN_OBJC_ROOT_CLASS = YES_ERROR;
				CLANG_WARN_QUOTED_INCLUDE_IN_FRAMEWORK_HEADER = YES;
				CLANG_WARN_RANGE_LOOP_ANALYSIS = YES;
				CLANG_WARN_STRICT_PROTOTYPES = YES;
				CLANG_WARN_SUSPICIOUS_MOVE = YES;
				CLANG_WARN_UNGUARDED_AVAILABILITY = YES_AGGRESSIVE;
				CLANG_WARN_UNREACHABLE_CODE = YES;
				CLANG_WARN__DUPLICATE_METHOD_MATCH = YES;
				COPY_PHASE_STRIP = NO;
				DEBUG_INFORMATION_FORMAT = dwarf;
				ENABLE_STRICT_OBJC_MSGSEND = YES;
				ENABLE_TESTABILITY = YES;
				ENABLE_USER_SCRIPT_SANDBOXING = YES;
				GCC_C_LANGUAGE_STANDARD = gnu17;
				GCC_DYNAMIC_NO_PIC = NO;
				GCC_NO_COMMON_BLOCKS = YES;
				GCC_OPTIMIZATION_LEVEL = 0;
				GCC_PREPROCESSOR_DEFINITIONS = (
					"DEBUG=1",
					"$(inherited)",
				);
				GCC_WARN_64_TO_32_BIT_CONVERSION = YES;
				GCC_WARN_ABOUT_RETURN_TYPE = YES_ERROR;
				GCC_WARN_UNDECLARED_SELECTOR = YES;
				GCC_WARN_UNINITIALIZED_AUTOS = YES_AGGRESSIVE;
				GCC_WARN_UNUSED_FUNCTION = YES;
				GCC_WARN_UNUSED_VARIABLE = YES;
				IPHONEOS_DEPLOYMENT_TARGET = 17.5;
				LOCALIZATION_PREFERS_STRING_CATALOGS = YES;
				MTL_ENABLE_DEBUG_INFO = INCLUDE_SOURCE;
				MTL_FAST_MATH = YES;
				ONLY_ACTIVE_ARCH = YES;
				SDKROOT = iphoneos;
				SWIFT_ACTIVE_COMPILATION_CONDITIONS = "DEBUG $(inherited)";
				SWIFT_OPTIMIZATION_LEVEL = "-Onone";
			};
			name = Debug;
		};
		6D7601ED2CEA3EA900C49EDC /* Release */ = {
			isa = XCBuildConfiguration;
			buildSettings = {
				ALWAYS_SEARCH_USER_PATHS = NO;
				ASSETCATALOG_COMPILER_GENERATE_SWIFT_ASSET_SYMBOL_EXTENSIONS = YES;
				CLANG_ANALYZER_NONNULL = YES;
				CLANG_ANALYZER_NUMBER_OBJECT_CONVERSION = YES_AGGRESSIVE;
				CLANG_CXX_LANGUAGE_STANDARD = "gnu++20";
				CLANG_ENABLE_MODULES = YES;
				CLANG_ENABLE_OBJC_ARC = YES;
				CLANG_ENABLE_OBJC_WEAK = YES;
				CLANG_WARN_BLOCK_CAPTURE_AUTORELEASING = YES;
				CLANG_WARN_BOOL_CONVERSION = YES;
				CLANG_WARN_COMMA = YES;
				CLANG_WARN_CONSTANT_CONVERSION = YES;
				CLANG_WARN_DEPRECATED_OBJC_IMPLEMENTATIONS = YES;
				CLANG_WARN_DIRECT_OBJC_ISA_USAGE = YES_ERROR;
				CLANG_WARN_DOCUMENTATION_COMMENTS = YES;
				CLANG_WARN_EMPTY_BODY = YES;
				CLANG_WARN_ENUM_CONVERSION = YES;
				CLANG_WARN_INFINITE_RECURSION = YES;
				CLANG_WARN_INT_CONVERSION = YES;
				CLANG_WARN_NON_LITERAL_NULL_CONVERSION = YES;
				CLANG_WARN_OBJC_IMPLICIT_RETAIN_SELF = YES;
				CLANG_WARN_OBJC_LITERAL_CONVERSION = YES;
				CLANG_WARN_OBJC_ROOT_CLASS = YES_ERROR;
				CLANG_WARN_QUOTED_INCLUDE_IN_FRAMEWORK_HEADER = YES;
				CLANG_WARN_RANGE_LOOP_ANALYSIS = YES;
				CLANG_WARN_STRICT_PROTOTYPES = YES;
				CLANG_WARN_SUSPICIOUS_MOVE = YES;
				CLANG_WARN_UNGUARDED_AVAILABILITY = YES_AGGRESSIVE;
				CLANG_WARN_UNREACHABLE_CODE = YES;
				CLANG_WARN__DUPLICATE_METHOD_MATCH = YES;
				COPY_PHASE_STRIP = NO;
				DEBUG_INFORMATION_FORMAT = "dwarf-with-dsym";
				ENABLE_NS_ASSERTIONS = NO;
				ENABLE_STRICT_OBJC_MSGSEND = YES;
				ENABLE_USER_SCRIPT_SANDBOXING = YES;
				GCC_C_LANGUAGE_STANDARD = gnu17;
				GCC_NO_COMMON_BLOCKS = YES;
				GCC_WARN_64_TO_32_BIT_CONVERSION = YES;
				GCC_WARN_ABOUT_RETURN_TYPE = YES_ERROR;
				GCC_WARN_UNDECLARED_SELECTOR = YES;
				GCC_WARN_UNINITIALIZED_AUTOS = YES_AGGRESSIVE;
				GCC_WARN_UNUSED_FUNCTION = YES;
				GCC_WARN_UNUSED_VARIABLE = YES;
				IPHONEOS_DEPLOYMENT_TARGET = 17.5;
				LOCALIZATION_PREFERS_STRING_CATALOGS = YES;
				MTL_ENABLE_DEBUG_INFO = NO;
				MTL_FAST_MATH = YES;
				SDKROOT = iphoneos;
				SWIFT_COMPILATION_MODE = wholemodule;
				VALIDATE_PRODUCT = YES;
			};
			name = Release;
		};
		6D7601EF2CEA3EA900C49EDC /* Debug */ = {
			isa = XCBuildConfiguration;
			buildSettings = {
				ASSETCATALOG_COMPILER_APPICON_NAME = AppIcon;
				ASSETCATALOG_COMPILER_GLOBAL_ACCENT_COLOR_NAME = AccentColor;
				CODE_SIGN_ENTITLEMENTS = "SWIPO-iOS/SWIPO-iOS.entitlements";
				CODE_SIGN_STYLE = Automatic;
				CURRENT_PROJECT_VERSION = 1;
				DEVELOPMENT_ASSET_PATHS = "\"SWIPO-iOS/Preview Content\"";
				DEVELOPMENT_TEAM = 23SCTLK482;
				ENABLE_PREVIEWS = YES;
				GENERATE_INFOPLIST_FILE = YES;
				INFOPLIST_FILE = "SWIPO-iOS/Info.plist";
				INFOPLIST_KEY_NSLocationWhenInUseUsageDescription = "SWIPO가 사용자의 위치를 사용하도록 허용하시겠습니까?";
				INFOPLIST_KEY_UIApplicationSceneManifest_Generation = YES;
				INFOPLIST_KEY_UIApplicationSupportsIndirectInputEvents = YES;
				INFOPLIST_KEY_UILaunchScreen_Generation = YES;
				INFOPLIST_KEY_UISupportedInterfaceOrientations_iPad = "UIInterfaceOrientationPortrait UIInterfaceOrientationPortraitUpsideDown UIInterfaceOrientationLandscapeLeft UIInterfaceOrientationLandscapeRight";
				INFOPLIST_KEY_UISupportedInterfaceOrientations_iPhone = "UIInterfaceOrientationPortrait UIInterfaceOrientationLandscapeLeft UIInterfaceOrientationLandscapeRight";
				INFOPLIST_KEY_UIUserInterfaceStyle = Dark;
				IPHONEOS_DEPLOYMENT_TARGET = 16.0;
				LD_RUNPATH_SEARCH_PATHS = (
					"$(inherited)",
					"@executable_path/Frameworks",
				);
				MARKETING_VERSION = 1.0;
				PRODUCT_BUNDLE_IDENTIFIER = "com.riu.SWIPO-iOS";
				PRODUCT_NAME = "$(TARGET_NAME)";
				SWIFT_EMIT_LOC_STRINGS = YES;
				SWIFT_VERSION = 5.0;
				TARGETED_DEVICE_FAMILY = "1,2";
			};
			name = Debug;
		};
		6D7601F02CEA3EA900C49EDC /* Release */ = {
			isa = XCBuildConfiguration;
			buildSettings = {
				ASSETCATALOG_COMPILER_APPICON_NAME = AppIcon;
				ASSETCATALOG_COMPILER_GLOBAL_ACCENT_COLOR_NAME = AccentColor;
				CODE_SIGN_ENTITLEMENTS = "SWIPO-iOS/SWIPO-iOS.entitlements";
				CODE_SIGN_STYLE = Automatic;
				CURRENT_PROJECT_VERSION = 1;
				DEVELOPMENT_ASSET_PATHS = "\"SWIPO-iOS/Preview Content\"";
				DEVELOPMENT_TEAM = 23SCTLK482;
				ENABLE_PREVIEWS = YES;
				GENERATE_INFOPLIST_FILE = YES;
				INFOPLIST_FILE = "SWIPO-iOS/Info.plist";
				INFOPLIST_KEY_NSLocationWhenInUseUsageDescription = "SWIPO가 사용자의 위치를 사용하도록 허용하시겠습니까?";
				INFOPLIST_KEY_UIApplicationSceneManifest_Generation = YES;
				INFOPLIST_KEY_UIApplicationSupportsIndirectInputEvents = YES;
				INFOPLIST_KEY_UILaunchScreen_Generation = YES;
				INFOPLIST_KEY_UISupportedInterfaceOrientations_iPad = "UIInterfaceOrientationPortrait UIInterfaceOrientationPortraitUpsideDown UIInterfaceOrientationLandscapeLeft UIInterfaceOrientationLandscapeRight";
				INFOPLIST_KEY_UISupportedInterfaceOrientations_iPhone = "UIInterfaceOrientationPortrait UIInterfaceOrientationLandscapeLeft UIInterfaceOrientationLandscapeRight";
				INFOPLIST_KEY_UIUserInterfaceStyle = Dark;
				IPHONEOS_DEPLOYMENT_TARGET = 16.0;
				LD_RUNPATH_SEARCH_PATHS = (
					"$(inherited)",
					"@executable_path/Frameworks",
				);
				MARKETING_VERSION = 1.0;
				PRODUCT_BUNDLE_IDENTIFIER = "com.riu.SWIPO-iOS";
				PRODUCT_NAME = "$(TARGET_NAME)";
				SWIFT_EMIT_LOC_STRINGS = YES;
				SWIFT_VERSION = 5.0;
				TARGETED_DEVICE_FAMILY = "1,2";
			};
			name = Release;
		};
/* End XCBuildConfiguration section */

/* Begin XCConfigurationList section */
		6D7601DB2CEA3EA800C49EDC /* Build configuration list for PBXProject "SWIPO-iOS" */ = {
			isa = XCConfigurationList;
			buildConfigurations = (
				6D7601EC2CEA3EA900C49EDC /* Debug */,
				6D7601ED2CEA3EA900C49EDC /* Release */,
			);
			defaultConfigurationIsVisible = 0;
			defaultConfigurationName = Release;
		};
		6D7601EE2CEA3EA900C49EDC /* Build configuration list for PBXNativeTarget "SWIPO-iOS" */ = {
			isa = XCConfigurationList;
			buildConfigurations = (
				6D7601EF2CEA3EA900C49EDC /* Debug */,
				6D7601F02CEA3EA900C49EDC /* Release */,
			);
			defaultConfigurationIsVisible = 0;
			defaultConfigurationName = Release;
		};
/* End XCConfigurationList section */

/* Begin XCRemoteSwiftPackageReference section */
		6D7601F82CEA40EB00C49EDC /* XCRemoteSwiftPackageReference "kakao-ios-sdk" */ = {
			isa = XCRemoteSwiftPackageReference;
			repositoryURL = "https://github.com/kakao/kakao-ios-sdk";
			requirement = {
				kind = upToNextMajorVersion;
				minimumVersion = 2.23.0;
			};
		};
		6D7601FF2CEA40F500C49EDC /* XCRemoteSwiftPackageReference "CodeScanner" */ = {
			isa = XCRemoteSwiftPackageReference;
			repositoryURL = "https://github.com/twostraws/CodeScanner.git";
			requirement = {
				kind = upToNextMajorVersion;
				minimumVersion = 2.5.1;
			};
		};
		954FFAB52CEAD3B500E81D16 /* XCRemoteSwiftPackageReference "KakaoMapsSDK-SPM" */ = {
			isa = XCRemoteSwiftPackageReference;
			repositoryURL = "https://github.com/kakao-mapsSDK/KakaoMapsSDK-SPM.git";
			requirement = {
				kind = upToNextMajorVersion;
				minimumVersion = 2.12.0;
			};
		};
		954FFAC32CEAE6B500E81D16 /* XCRemoteSwiftPackageReference "SnapKit" */ = {
			isa = XCRemoteSwiftPackageReference;
			repositoryURL = "https://github.com/SnapKit/SnapKit.git";
			requirement = {
				kind = upToNextMajorVersion;
				minimumVersion = 5.7.1;
			};
		};
/* End XCRemoteSwiftPackageReference section */

/* Begin XCSwiftPackageProductDependency section */
		6D7601F92CEA40EB00C49EDC /* KakaoSDK */ = {
			isa = XCSwiftPackageProductDependency;
			package = 6D7601F82CEA40EB00C49EDC /* XCRemoteSwiftPackageReference "kakao-ios-sdk" */;
			productName = KakaoSDK;
		};
		6D7601FB2CEA40EB00C49EDC /* KakaoSDKAuth */ = {
			isa = XCSwiftPackageProductDependency;
			package = 6D7601F82CEA40EB00C49EDC /* XCRemoteSwiftPackageReference "kakao-ios-sdk" */;
			productName = KakaoSDKAuth;
		};
		6D7601FD2CEA40EB00C49EDC /* KakaoSDKCommon */ = {
			isa = XCSwiftPackageProductDependency;
			package = 6D7601F82CEA40EB00C49EDC /* XCRemoteSwiftPackageReference "kakao-ios-sdk" */;
			productName = KakaoSDKCommon;
		};
		6D7602002CEA40F500C49EDC /* CodeScanner */ = {
			isa = XCSwiftPackageProductDependency;
			package = 6D7601FF2CEA40F500C49EDC /* XCRemoteSwiftPackageReference "CodeScanner" */;
			productName = CodeScanner;
		};
		954FFAB62CEAD3B500E81D16 /* KakaoMapsSDK-SPM */ = {
			isa = XCSwiftPackageProductDependency;
			package = 954FFAB52CEAD3B500E81D16 /* XCRemoteSwiftPackageReference "KakaoMapsSDK-SPM" */;
			productName = "KakaoMapsSDK-SPM";
		};
		954FFAC42CEAE6B500E81D16 /* SnapKit */ = {
			isa = XCSwiftPackageProductDependency;
			package = 954FFAC32CEAE6B500E81D16 /* XCRemoteSwiftPackageReference "SnapKit" */;
			productName = SnapKit;
		};
/* End XCSwiftPackageProductDependency section */
	};
	rootObject = 6D7601D82CEA3EA800C49EDC /* Project object */;
}
